
Microsoft Visual Studio Solution File, Format Version 12.00
# Visual Studio 15
Project("{9344BDBB-3E7F-41FC-A0DD-8665D75EE146}") = "team8finalproject", "team8finalproject\team8finalproject.csproj", "{AD2370BF-5175-4B75-B584-E211FE886015}"
EndProject
Project("{FAE04EC0-301F-11D3-BF4B-00C04F79EFBC}") = "team8finalproject", "team8finalproject\team8finalproject.csproj", "{A090A09A-2ED2-412E-8477-2F049F75B98A}"
EndProject
Global
	GlobalSection(SolutionConfigurationPlatforms) = preSolution
		Debug|Any CPU = Debug|Any CPU
		Release|Any CPU = Release|Any CPU
	EndGlobalSection
	GlobalSection(ProjectConfigurationPlatforms) = postSolution
		{AD2370BF-5175-4B75-B584-E211FE886015}.Debug|Any CPU.ActiveCfg = Debug|Any CPU
		{AD2370BF-5175-4B75-B584-E211FE886015}.Debug|Any CPU.Build.0 = Debug|Any CPU
		{AD2370BF-5175-4B75-B584-E211FE886015}.Release|Any CPU.ActiveCfg = Release|Any CPU
		{AD2370BF-5175-4B75-B584-E211FE886015}.Release|Any CPU.Build.0 = Release|Any CPU
		{A090A09A-2ED2-412E-8477-2F049F75B98A}.Debug|Any CPU.ActiveCfg = Debug|Any CPU
		{A090A09A-2ED2-412E-8477-2F049F75B98A}.Debug|Any CPU.Build.0 = Debug|Any CPU
		{A090A09A-2ED2-412E-8477-2F049F75B98A}.Release|Any CPU.ActiveCfg = Release|Any CPU
		{A090A09A-2ED2-412E-8477-2F049F75B98A}.Release|Any CPU.Build.0 = Release|Any CPU
	EndGlobalSection
EndGlobal
