
Microsoft Visual Studio Solution File, Format Version 12.00
# Visual Studio 15
Project("{FAE04EC0-301F-11D3-BF4B-00C04F79EFBC}") = "team8finalproject", "team8finalproject.csproj", "{6F285DC6-3CF7-45AD-AA76-80B03CB76FB4}"
EndProject
Global
	GlobalSection(SolutionConfigurationPlatforms) = preSolution
		Debug|Any CPU = Debug|Any CPU
		Release|Any CPU = Release|Any CPU
	EndGlobalSection
	GlobalSection(ProjectConfigurationPlatforms) = postSolution
		{6F285DC6-3CF7-45AD-AA76-80B03CB76FB4}.Debug|Any CPU.ActiveCfg = Debug|Any CPU
		{6F285DC6-3CF7-45AD-AA76-80B03CB76FB4}.Debug|Any CPU.Build.0 = Debug|Any CPU
		{6F285DC6-3CF7-45AD-AA76-80B03CB76FB4}.Release|Any CPU.ActiveCfg = Release|Any CPU
		{6F285DC6-3CF7-45AD-AA76-80B03CB76FB4}.Release|Any CPU.Build.0 = Release|Any CPU
	EndGlobalSection
EndGlobal
